Microsoft Visual Studio Solution File, Format Version 12.00
# Visual Studio Version 17
VisualStudioVersion = 17.5.2.0
MinimumVisualStudioVersion = 10.0.40219.1
Project("{FAE04EC0-301F-11D3-BF4B-00C04F79EFBC}") = "CodeSnippets2", "CodeSnippets2.csproj", "{D2A28FD9-15C7-016D-CC5D-AF0458FAA2C0}"
EndProject
Global
	GlobalSection(SolutionConfigurationPlatforms) = preSolution
		Debug|Any CPU = Debug|Any CPU
		Release|Any CPU = Release|Any CPU
	EndGlobalSection
	GlobalSection(ProjectConfigurationPlatforms) = postSolution
		{D2A28FD9-15C7-016D-CC5D-AF0458FAA2C0}.Debug|Any CPU.ActiveCfg = Debug|Any CPU
		{D2A28FD9-15C7-016D-CC5D-AF0458FAA2C0}.Debug|Any CPU.Build.0 = Debug|Any CPU
		{D2A28FD9-15C7-016D-CC5D-AF0458FAA2C0}.Release|Any CPU.ActiveCfg = Release|Any CPU
		{D2A28FD9-15C7-016D-CC5D-AF0458FAA2C0}.Release|Any CPU.Build.0 = Release|Any CPU
	EndGlobalSection
	GlobalSection(SolutionProperties) = preSolution
		HideSolutionNode = FALSE
	EndGlobalSection
	GlobalSection(ExtensibilityGlobals) = postSolution
		SolutionGuid = {994DEBC3-AB23-47CD-99F9-FF1DA1E52EF6}
	EndGlobalSection
EndGlobal
